// !$*UTF8*$!
{
	archiveVersion = 1;
	classes = {
	};
	objectVersion = 56;
	objects = {

/* Begin PBXBuildFile section */
		DE062B9F2A9E2A56006A7B1B /* AppDelegate.swift in Sources */ = {isa = PBXBuildFile; fileRef = DE062B9E2A9E2A56006A7B1B /* AppDelegate.swift */; };
		DE062BA12A9E2A56006A7B1B /* SceneDelegate.swift in Sources */ = {isa = PBXBuildFile; fileRef = DE062BA02A9E2A56006A7B1B /* SceneDelegate.swift */; };
		DE062BA32A9E2A56006A7B1B /* MainViewController.swift in Sources */ = {isa = PBXBuildFile; fileRef = DE062BA22A9E2A56006A7B1B /* MainViewController.swift */; };
		DE062BA82A9E2A57006A7B1B /* Assets.xcassets in Resources */ = {isa = PBXBuildFile; fileRef = DE062BA72A9E2A57006A7B1B /* Assets.xcassets */; };
		DE062BAB2A9E2A57006A7B1B /* LaunchScreen.storyboard in Resources */ = {isa = PBXBuildFile; fileRef = DE062BA92A9E2A57006A7B1B /* LaunchScreen.storyboard */; };
		DE062BBA2A9E2DEB006A7B1B /* EditView.swift in Sources */ = {isa = PBXBuildFile; fileRef = DE062BB92A9E2DEB006A7B1B /* EditView.swift */; };
		DE062BC02A9E305B006A7B1B /* SnapKit in Frameworks */ = {isa = PBXBuildFile; productRef = DE062BBF2A9E305B006A7B1B /* SnapKit */; };
		DE062BC22A9E32FF006A7B1B /* Constant.swift in Sources */ = {isa = PBXBuildFile; fileRef = DE062BC12A9E32FF006A7B1B /* Constant.swift */; };
		DE062BC42A9E39AA006A7B1B /* CustomUser.swift in Sources */ = {isa = PBXBuildFile; fileRef = DE062BC32A9E39AA006A7B1B /* CustomUser.swift */; };
		DE062BC62A9E3BA9006A7B1B /* EditViewController.swift in Sources */ = {isa = PBXBuildFile; fileRef = DE062BC52A9E3BA9006A7B1B /* EditViewController.swift */; };
		DE062BC82A9E3CCC006A7B1B /* MainView.swift in Sources */ = {isa = PBXBuildFile; fileRef = DE062BC72A9E3CCC006A7B1B /* MainView.swift */; };
		DE062BCA2A9E3D7B006A7B1B /* CollectionView+Extension.swift in Sources */ = {isa = PBXBuildFile; fileRef = DE062BC92A9E3D7B006A7B1B /* CollectionView+Extension.swift */; };
		DE062BCE2A9E482B006A7B1B /* MainCollectionViewCell.swift in Sources */ = {isa = PBXBuildFile; fileRef = DE062BCD2A9E482B006A7B1B /* MainCollectionViewCell.swift */; };
		DE062BD02A9E48BE006A7B1B /* ReusableProtocols.swift in Sources */ = {isa = PBXBuildFile; fileRef = DE062BCF2A9E48BE006A7B1B /* ReusableProtocols.swift */; };
		DE6151BF2A9E61E300CD51A1 /* UserDataManager.swift in Sources */ = {isa = PBXBuildFile; fileRef = DE6151BE2A9E61E300CD51A1 /* UserDataManager.swift */; };
		DE6151C12A9E67F900CD51A1 /* DetailViewController.swift in Sources */ = {isa = PBXBuildFile; fileRef = DE6151C02A9E67F900CD51A1 /* DetailViewController.swift */; };
		DE6151C32A9E680A00CD51A1 /* DetailView.swift in Sources */ = {isa = PBXBuildFile; fileRef = DE6151C22A9E680A00CD51A1 /* DetailView.swift */; };
		DE6151C62A9E684800CD51A1 /* BaseView.swift in Sources */ = {isa = PBXBuildFile; fileRef = DE6151C52A9E684800CD51A1 /* BaseView.swift */; };
		DE6773762AA0D16A00F582EE /* AddGalleryViewController.swift in Sources */ = {isa = PBXBuildFile; fileRef = DE6773752AA0D16A00F582EE /* AddGalleryViewController.swift */; };
		DE67737D2AA0EF4900F582EE /* NetworkManager.swift in Sources */ = {isa = PBXBuildFile; fileRef = DE67737C2AA0EF4900F582EE /* NetworkManager.swift */; };
		DE67737F2AA0FFCD00F582EE /* Unsplash.swift in Sources */ = {isa = PBXBuildFile; fileRef = DE67737E2AA0FFCD00F582EE /* Unsplash.swift */; };
		DE6773812AA1013500F582EE /* SplashViewController.swift in Sources */ = {isa = PBXBuildFile; fileRef = DE6773802AA1013500F582EE /* SplashViewController.swift */; };
		DE6773832AA1014500F582EE /* SplashView.swift in Sources */ = {isa = PBXBuildFile; fileRef = DE6773822AA1014500F582EE /* SplashView.swift */; };
		DE6773882AA1037600F582EE /* URL+Extension.swift in Sources */ = {isa = PBXBuildFile; fileRef = DE6773872AA1037600F582EE /* URL+Extension.swift */; };
		DE67738A2AA1045100F582EE /* .gitignore in Resources */ = {isa = PBXBuildFile; fileRef = DE6773892AA1045100F582EE /* .gitignore */; };
		DE67738C2AA1046C00F582EE /* APIKey.swift in Sources */ = {isa = PBXBuildFile; fileRef = DE67738B2AA1046C00F582EE /* APIKey.swift */; };
		DE6773922AA1096000F582EE /* Kingfisher in Frameworks */ = {isa = PBXBuildFile; productRef = DE6773912AA1096000F582EE /* Kingfisher */; };
		DEA11F762A9EBCB4003BB5A9 /* NotificationName+Extension.swift in Sources */ = {isa = PBXBuildFile; fileRef = DEA11F752A9EBCB4003BB5A9 /* NotificationName+Extension.swift */; };
/* End PBXBuildFile section */

/* Begin PBXFileReference section */
		DE062B9B2A9E2A56006A7B1B /* withScentSeries.app */ = {isa = PBXFileReference; explicitFileType = wrapper.application; includeInIndex = 0; path = withScentSeries.app; sourceTree = BUILT_PRODUCTS_DIR; };
		DE062B9E2A9E2A56006A7B1B /* AppDelegate.swift */ = {isa = PBXFileReference; lastKnownFileType = sourcecode.swift; path = AppDelegate.swift; sourceTree = "<group>"; };
		DE062BA02A9E2A56006A7B1B /* SceneDelegate.swift */ = {isa = PBXFileReference; lastKnownFileType = sourcecode.swift; path = SceneDelegate.swift; sourceTree = "<group>"; };
		DE062BA22A9E2A56006A7B1B /* MainViewController.swift */ = {isa = PBXFileReference; lastKnownFileType = sourcecode.swift; path = MainViewController.swift; sourceTree = "<group>"; };
		DE062BA72A9E2A57006A7B1B /* Assets.xcassets */ = {isa = PBXFileReference; lastKnownFileType = folder.assetcatalog; path = Assets.xcassets; sourceTree = "<group>"; };
		DE062BAA2A9E2A57006A7B1B /* Base */ = {isa = PBXFileReference; lastKnownFileType = file.storyboard; name = Base; path = Base.lproj/LaunchScreen.storyboard; sourceTree = "<group>"; };
		DE062BAC2A9E2A57006A7B1B /* Info.plist */ = {isa = PBXFileReference; lastKnownFileType = text.plist.xml; path = Info.plist; sourceTree = "<group>"; };
		DE062BB92A9E2DEB006A7B1B /* EditView.swift */ = {isa = PBXFileReference; lastKnownFileType = sourcecode.swift; path = EditView.swift; sourceTree = "<group>"; };
		DE062BC12A9E32FF006A7B1B /* Constant.swift */ = {isa = PBXFileReference; lastKnownFileType = sourcecode.swift; path = Constant.swift; sourceTree = "<group>"; };
		DE062BC32A9E39AA006A7B1B /* CustomUser.swift */ = {isa = PBXFileReference; lastKnownFileType = sourcecode.swift; path = CustomUser.swift; sourceTree = "<group>"; };
		DE062BC52A9E3BA9006A7B1B /* EditViewController.swift */ = {isa = PBXFileReference; lastKnownFileType = sourcecode.swift; path = EditViewController.swift; sourceTree = "<group>"; };
		DE062BC72A9E3CCC006A7B1B /* MainView.swift */ = {isa = PBXFileReference; lastKnownFileType = sourcecode.swift; path = MainView.swift; sourceTree = "<group>"; };
		DE062BC92A9E3D7B006A7B1B /* CollectionView+Extension.swift */ = {isa = PBXFileReference; lastKnownFileType = sourcecode.swift; path = "CollectionView+Extension.swift"; sourceTree = "<group>"; };
		DE062BCD2A9E482B006A7B1B /* MainCollectionViewCell.swift */ = {isa = PBXFileReference; lastKnownFileType = sourcecode.swift; path = MainCollectionViewCell.swift; sourceTree = "<group>"; };
		DE062BCF2A9E48BE006A7B1B /* ReusableProtocols.swift */ = {isa = PBXFileReference; lastKnownFileType = sourcecode.swift; path = ReusableProtocols.swift; sourceTree = "<group>"; };
		DE6151BE2A9E61E300CD51A1 /* UserDataManager.swift */ = {isa = PBXFileReference; lastKnownFileType = sourcecode.swift; path = UserDataManager.swift; sourceTree = "<group>"; };
		DE6151C02A9E67F900CD51A1 /* DetailViewController.swift */ = {isa = PBXFileReference; lastKnownFileType = sourcecode.swift; path = DetailViewController.swift; sourceTree = "<group>"; };
		DE6151C22A9E680A00CD51A1 /* DetailView.swift */ = {isa = PBXFileReference; lastKnownFileType = sourcecode.swift; path = DetailView.swift; sourceTree = "<group>"; };
		DE6151C52A9E684800CD51A1 /* BaseView.swift */ = {isa = PBXFileReference; lastKnownFileType = sourcecode.swift; path = BaseView.swift; sourceTree = "<group>"; };
		DE6773752AA0D16A00F582EE /* AddGalleryViewController.swift */ = {isa = PBXFileReference; lastKnownFileType = sourcecode.swift; path = AddGalleryViewController.swift; sourceTree = "<group>"; };
		DE67737C2AA0EF4900F582EE /* NetworkManager.swift */ = {isa = PBXFileReference; lastKnownFileType = sourcecode.swift; path = NetworkManager.swift; sourceTree = "<group>"; };
		DE67737E2AA0FFCD00F582EE /* Unsplash.swift */ = {isa = PBXFileReference; lastKnownFileType = sourcecode.swift; path = Unsplash.swift; sourceTree = "<group>"; };
		DE6773802AA1013500F582EE /* SplashViewController.swift */ = {isa = PBXFileReference; lastKnownFileType = sourcecode.swift; path = SplashViewController.swift; sourceTree = "<group>"; };
		DE6773822AA1014500F582EE /* SplashView.swift */ = {isa = PBXFileReference; lastKnownFileType = sourcecode.swift; path = SplashView.swift; sourceTree = "<group>"; };
		DE6773872AA1037600F582EE /* URL+Extension.swift */ = {isa = PBXFileReference; lastKnownFileType = sourcecode.swift; path = "URL+Extension.swift"; sourceTree = "<group>"; };
		DE6773892AA1045100F582EE /* .gitignore */ = {isa = PBXFileReference; lastKnownFileType = text; path = .gitignore; sourceTree = "<group>"; };
		DE67738B2AA1046C00F582EE /* APIKey.swift */ = {isa = PBXFileReference; lastKnownFileType = sourcecode.swift; path = APIKey.swift; sourceTree = "<group>"; };
		DEA11F752A9EBCB4003BB5A9 /* NotificationName+Extension.swift */ = {isa = PBXFileReference; lastKnownFileType = sourcecode.swift; path = "NotificationName+Extension.swift"; sourceTree = "<group>"; };
/* End PBXFileReference section */

/* Begin PBXFrameworksBuildPhase section */
		DE062B982A9E2A56006A7B1B /* Frameworks */ = {
			isa = PBXFrameworksBuildPhase;
			buildActionMask = 2147483647;
			files = (
				DE6773922AA1096000F582EE /* Kingfisher in Frameworks */,
				DE062BC02A9E305B006A7B1B /* SnapKit in Frameworks */,
			);
			runOnlyForDeploymentPostprocessing = 0;
		};
/* End PBXFrameworksBuildPhase section */

/* Begin PBXGroup section */
		DE062B922A9E2A56006A7B1B = {
			isa = PBXGroup;
			children = (
				DE062B9D2A9E2A56006A7B1B /* withScentSeries */,
				DE062B9C2A9E2A56006A7B1B /* Products */,
			);
			sourceTree = "<group>";
		};
		DE062B9C2A9E2A56006A7B1B /* Products */ = {
			isa = PBXGroup;
			children = (
				DE062B9B2A9E2A56006A7B1B /* withScentSeries.app */,
			);
			name = Products;
			sourceTree = "<group>";
		};
		DE062B9D2A9E2A56006A7B1B /* withScentSeries */ = {
			isa = PBXGroup;
			children = (
				DE062BB82A9E2A75006A7B1B /* App */,
				DE062BB72A9E2A72006A7B1B /* Extensions */,
				DE062BB62A9E2A70006A7B1B /* Protocols */,
				DE67737B2AA0EF3900F582EE /* NetworkManager */,
				DE062BB42A9E2A6B006A7B1B /* Helper */,
				DE062BB52A9E2A6E006A7B1B /* Model */,
				DE062BB32A9E2A69006A7B1B /* View */,
				DE062BB22A9E2A67006A7B1B /* Controllers */,
				DE062BA72A9E2A57006A7B1B /* Assets.xcassets */,
				DE062BA92A9E2A57006A7B1B /* LaunchScreen.storyboard */,
				DE062BAC2A9E2A57006A7B1B /* Info.plist */,
				DE6773892AA1045100F582EE /* .gitignore */,
				DE67738B2AA1046C00F582EE /* APIKey.swift */,
			);
			path = withScentSeries;
			sourceTree = "<group>";
		};
		DE062BB22A9E2A67006A7B1B /* Controllers */ = {
			isa = PBXGroup;
			children = (
				DE062BA22A9E2A56006A7B1B /* MainViewController.swift */,
				DE062BC52A9E3BA9006A7B1B /* EditViewController.swift */,
				DE6151C02A9E67F900CD51A1 /* DetailViewController.swift */,
				DE6773752AA0D16A00F582EE /* AddGalleryViewController.swift */,
				DE6773802AA1013500F582EE /* SplashViewController.swift */,
			);
			path = Controllers;
			sourceTree = "<group>";
		};
		DE062BB32A9E2A69006A7B1B /* View */ = {
			isa = PBXGroup;
			children = (
				DE062BB92A9E2DEB006A7B1B /* EditView.swift */,
				DE062BC72A9E3CCC006A7B1B /* MainView.swift */,
				DE062BCD2A9E482B006A7B1B /* MainCollectionViewCell.swift */,
				DE6151C22A9E680A00CD51A1 /* DetailView.swift */,
				DE6773822AA1014500F582EE /* SplashView.swift */,
			);
			path = View;
			sourceTree = "<group>";
		};
		DE062BB42A9E2A6B006A7B1B /* Helper */ = {
			isa = PBXGroup;
			children = (
				DE062BC12A9E32FF006A7B1B /* Constant.swift */,
				DE6151C42A9E682D00CD51A1 /* BaseComponents */,
			);
			path = Helper;
			sourceTree = "<group>";
		};
		DE062BB52A9E2A6E006A7B1B /* Model */ = {
			isa = PBXGroup;
			children = (
				DE062BC32A9E39AA006A7B1B /* CustomUser.swift */,
				DE67737E2AA0FFCD00F582EE /* Unsplash.swift */,
				DE6151BE2A9E61E300CD51A1 /* UserDataManager.swift */,
			);
			path = Model;
			sourceTree = "<group>";
		};
		DE062BB62A9E2A70006A7B1B /* Protocols */ = {
			isa = PBXGroup;
			children = (
				DE062BCF2A9E48BE006A7B1B /* ReusableProtocols.swift */,
			);
			path = Protocols;
			sourceTree = "<group>";
		};
		DE062BB72A9E2A72006A7B1B /* Extensions */ = {
			isa = PBXGroup;
			children = (
				DE062BC92A9E3D7B006A7B1B /* CollectionView+Extension.swift */,
				DEA11F752A9EBCB4003BB5A9 /* NotificationName+Extension.swift */,
				DE6773872AA1037600F582EE /* URL+Extension.swift */,
			);
			path = Extensions;
			sourceTree = "<group>";
		};
		DE062BB82A9E2A75006A7B1B /* App */ = {
			isa = PBXGroup;
			children = (
				DE062B9E2A9E2A56006A7B1B /* AppDelegate.swift */,
				DE062BA02A9E2A56006A7B1B /* SceneDelegate.swift */,
			);
			path = App;
			sourceTree = "<group>";
		};
		DE6151C42A9E682D00CD51A1 /* BaseComponents */ = {
			isa = PBXGroup;
			children = (
				DE6151C52A9E684800CD51A1 /* BaseView.swift */,
			);
			path = BaseComponents;
			sourceTree = "<group>";
		};
		DE67737B2AA0EF3900F582EE /* NetworkManager */ = {
			isa = PBXGroup;
			children = (
				DE67737C2AA0EF4900F582EE /* NetworkManager.swift */,
			);
			path = NetworkManager;
			sourceTree = "<group>";
		};
/* End PBXGroup section */

/* Begin PBXNativeTarget section */
		DE062B9A2A9E2A56006A7B1B /* withScentSeries */ = {
			isa = PBXNativeTarget;
			buildConfigurationList = DE062BAF2A9E2A57006A7B1B /* Build configuration list for PBXNativeTarget "withScentSeries" */;
			buildPhases = (
				DE062B972A9E2A56006A7B1B /* Sources */,
				DE062B982A9E2A56006A7B1B /* Frameworks */,
				DE062B992A9E2A56006A7B1B /* Resources */,
			);
			buildRules = (
			);
			dependencies = (
			);
			name = withScentSeries;
			packageProductDependencies = (
				DE062BBF2A9E305B006A7B1B /* SnapKit */,
				DE6773912AA1096000F582EE /* Kingfisher */,
			);
			productName = withScentSeries;
			productReference = DE062B9B2A9E2A56006A7B1B /* withScentSeries.app */;
			productType = "com.apple.product-type.application";
		};
/* End PBXNativeTarget section */

/* Begin PBXProject section */
		DE062B932A9E2A56006A7B1B /* Project object */ = {
			isa = PBXProject;
			attributes = {
				BuildIndependentTargetsInParallel = 1;
				LastSwiftUpdateCheck = 1430;
				LastUpgradeCheck = 1430;
				TargetAttributes = {
					DE062B9A2A9E2A56006A7B1B = {
						CreatedOnToolsVersion = 14.3.1;
					};
				};
			};
			buildConfigurationList = DE062B962A9E2A56006A7B1B /* Build configuration list for PBXProject "withScentSeries" */;
			compatibilityVersion = "Xcode 14.0";
			developmentRegion = en;
			hasScannedForEncodings = 0;
			knownRegions = (
				en,
				Base,
			);
			mainGroup = DE062B922A9E2A56006A7B1B;
			packageReferences = (
				DE062BBE2A9E305B006A7B1B /* XCRemoteSwiftPackageReference "SnapKit" */,
				DE6773902AA1096000F582EE /* XCRemoteSwiftPackageReference "Kingfisher" */,
			);
			productRefGroup = DE062B9C2A9E2A56006A7B1B /* Products */;
			projectDirPath = "";
			projectRoot = "";
			targets = (
				DE062B9A2A9E2A56006A7B1B /* withScentSeries */,
			);
		};
/* End PBXProject section */

/* Begin PBXResourcesBuildPhase section */
		DE062B992A9E2A56006A7B1B /* Resources */ = {
			isa = PBXResourcesBuildPhase;
			buildActionMask = 2147483647;
			files = (
				DE062BAB2A9E2A57006A7B1B /* LaunchScreen.storyboard in Resources */,
				DE67738A2AA1045100F582EE /* .gitignore in Resources */,
				DE062BA82A9E2A57006A7B1B /* Assets.xcassets in Resources */,
			);
			runOnlyForDeploymentPostprocessing = 0;
		};
/* End PBXResourcesBuildPhase section */

/* Begin PBXSourcesBuildPhase section */
		DE062B972A9E2A56006A7B1B /* Sources */ = {
			isa = PBXSourcesBuildPhase;
			buildActionMask = 2147483647;
			files = (
				DE67737D2AA0EF4900F582EE /* NetworkManager.swift in Sources */,
				DE6773762AA0D16A00F582EE /* AddGalleryViewController.swift in Sources */,
				DE67738C2AA1046C00F582EE /* APIKey.swift in Sources */,
				DE6151C12A9E67F900CD51A1 /* DetailViewController.swift in Sources */,
				DE6773882AA1037600F582EE /* URL+Extension.swift in Sources */,
				DEA11F762A9EBCB4003BB5A9 /* NotificationName+Extension.swift in Sources */,
				DE062BCE2A9E482B006A7B1B /* MainCollectionViewCell.swift in Sources */,
				DE062BC42A9E39AA006A7B1B /* CustomUser.swift in Sources */,
				DE6151C32A9E680A00CD51A1 /* DetailView.swift in Sources */,
				DE062BC82A9E3CCC006A7B1B /* MainView.swift in Sources */,
				DE062BA32A9E2A56006A7B1B /* MainViewController.swift in Sources */,
				DE062BC62A9E3BA9006A7B1B /* EditViewController.swift in Sources */,
				DE67737F2AA0FFCD00F582EE /* Unsplash.swift in Sources */,
				DE062BCA2A9E3D7B006A7B1B /* CollectionView+Extension.swift in Sources */,
				DE6151BF2A9E61E300CD51A1 /* UserDataManager.swift in Sources */,
				DE062BBA2A9E2DEB006A7B1B /* EditView.swift in Sources */,
				DE062BD02A9E48BE006A7B1B /* ReusableProtocols.swift in Sources */,
				DE062BC22A9E32FF006A7B1B /* Constant.swift in Sources */,
				DE6151C62A9E684800CD51A1 /* BaseView.swift in Sources */,
				DE062B9F2A9E2A56006A7B1B /* AppDelegate.swift in Sources */,
				DE062BA12A9E2A56006A7B1B /* SceneDelegate.swift in Sources */,
				DE6773812AA1013500F582EE /* SplashViewController.swift in Sources */,
				DE6773832AA1014500F582EE /* SplashView.swift in Sources */,
			);
			runOnlyForDeploymentPostprocessing = 0;
		};
/* End PBXSourcesBuildPhase section */

/* Begin PBXVariantGroup section */
		DE062BA92A9E2A57006A7B1B /* LaunchScreen.storyboard */ = {
			isa = PBXVariantGroup;
			children = (
				DE062BAA2A9E2A57006A7B1B /* Base */,
			);
			name = LaunchScreen.storyboard;
			sourceTree = "<group>";
		};
/* End PBXVariantGroup section */

/* Begin XCBuildConfiguration section */
		DE062BAD2A9E2A57006A7B1B /* Debug */ = {
			isa = XCBuildConfiguration;
			buildSettings = {
				ALWAYS_SEARCH_USER_PATHS = NO;
				CLANG_ANALYZER_NONNULL = YES;
				CLANG_ANALYZER_NUMBER_OBJECT_CONVERSION = YES_AGGRESSIVE;
				CLANG_CXX_LANGUAGE_STANDARD = "gnu++20";
				CLANG_ENABLE_MODULES = YES;
				CLANG_ENABLE_OBJC_ARC = YES;
				CLANG_ENABLE_OBJC_WEAK = YES;
				CLANG_WARN_BLOCK_CAPTURE_AUTORELEASING = YES;
				CLANG_WARN_BOOL_CONVERSION = YES;
				CLANG_WARN_COMMA = YES;
				CLANG_WARN_CONSTANT_CONVERSION = YES;
				CLANG_WARN_DEPRECATED_OBJC_IMPLEMENTATIONS = YES;
				CLANG_WARN_DIRECT_OBJC_ISA_USAGE = YES_ERROR;
				CLANG_WARN_DOCUMENTATION_COMMENTS = YES;
				CLANG_WARN_EMPTY_BODY = YES;
				CLANG_WARN_ENUM_CONVERSION = YES;
				CLANG_WARN_INFINITE_RECURSION = YES;
				CLANG_WARN_INT_CONVERSION = YES;
				CLANG_WARN_NON_LITERAL_NULL_CONVERSION = YES;
				CLANG_WARN_OBJC_IMPLICIT_RETAIN_SELF = YES;
				CLANG_WARN_OBJC_LITERAL_CONVERSION = YES;
				CLANG_WARN_OBJC_ROOT_CLASS = YES_ERROR;
				CLANG_WARN_QUOTED_INCLUDE_IN_FRAMEWORK_HEADER = YES;
				CLANG_WARN_RANGE_LOOP_ANALYSIS = YES;
				CLANG_WARN_STRICT_PROTOTYPES = YES;
				CLANG_WARN_SUSPICIOUS_MOVE = YES;
				CLANG_WARN_UNGUARDED_AVAILABILITY = YES_AGGRESSIVE;
				CLANG_WARN_UNREACHABLE_CODE = YES;
				CLANG_WARN__DUPLICATE_METHOD_MATCH = YES;
				COPY_PHASE_STRIP = NO;
				DEBUG_INFORMATION_FORMAT = dwarf;
				ENABLE_STRICT_OBJC_MSGSEND = YES;
				ENABLE_TESTABILITY = YES;
				GCC_C_LANGUAGE_STANDARD = gnu11;
				GCC_DYNAMIC_NO_PIC = NO;
				GCC_NO_COMMON_BLOCKS = YES;
				GCC_OPTIMIZATION_LEVEL = 0;
				GCC_PREPROCESSOR_DEFINITIONS = (
					"DEBUG=1",
					"$(inherited)",
				);
				GCC_WARN_64_TO_32_BIT_CONVERSION = YES;
				GCC_WARN_ABOUT_RETURN_TYPE = YES_ERROR;
				GCC_WARN_UNDECLARED_SELECTOR = YES;
				GCC_WARN_UNINITIALIZED_AUTOS = YES_AGGRESSIVE;
				GCC_WARN_UNUSED_FUNCTION = YES;
				GCC_WARN_UNUSED_VARIABLE = YES;
				IPHONEOS_DEPLOYMENT_TARGET = 16.4;
				MTL_ENABLE_DEBUG_INFO = INCLUDE_SOURCE;
				MTL_FAST_MATH = YES;
				ONLY_ACTIVE_ARCH = YES;
				SDKROOT = iphoneos;
				SWIFT_ACTIVE_COMPILATION_CONDITIONS = DEBUG;
				SWIFT_OPTIMIZATION_LEVEL = "-Onone";
			};
			name = Debug;
		};
		DE062BAE2A9E2A57006A7B1B /* Release */ = {
			isa = XCBuildConfiguration;
			buildSettings = {
				ALWAYS_SEARCH_USER_PATHS = NO;
				CLANG_ANALYZER_NONNULL = YES;
				CLANG_ANALYZER_NUMBER_OBJECT_CONVERSION = YES_AGGRESSIVE;
				CLANG_CXX_LANGUAGE_STANDARD = "gnu++20";
				CLANG_ENABLE_MODULES = YES;
				CLANG_ENABLE_OBJC_ARC = YES;
				CLANG_ENABLE_OBJC_WEAK = YES;
				CLANG_WARN_BLOCK_CAPTURE_AUTORELEASING = YES;
				CLANG_WARN_BOOL_CONVERSION = YES;
				CLANG_WARN_COMMA = YES;
				CLANG_WARN_CONSTANT_CONVERSION = YES;
				CLANG_WARN_DEPRECATED_OBJC_IMPLEMENTATIONS = YES;
				CLANG_WARN_DIRECT_OBJC_ISA_USAGE = YES_ERROR;
				CLANG_WARN_DOCUMENTATION_COMMENTS = YES;
				CLANG_WARN_EMPTY_BODY = YES;
				CLANG_WARN_ENUM_CONVERSION = YES;
				CLANG_WARN_INFINITE_RECURSION = YES;
				CLANG_WARN_INT_CONVERSION = YES;
				CLANG_WARN_NON_LITERAL_NULL_CONVERSION = YES;
				CLANG_WARN_OBJC_IMPLICIT_RETAIN_SELF = YES;
				CLANG_WARN_OBJC_LITERAL_CONVERSION = YES;
				CLANG_WARN_OBJC_ROOT_CLASS = YES_ERROR;
				CLANG_WARN_QUOTED_INCLUDE_IN_FRAMEWORK_HEADER = YES;
				CLANG_WARN_RANGE_LOOP_ANALYSIS = YES;
				CLANG_WARN_STRICT_PROTOTYPES = YES;
				CLANG_WARN_SUSPICIOUS_MOVE = YES;
				CLANG_WARN_UNGUARDED_AVAILABILITY = YES_AGGRESSIVE;
				CLANG_WARN_UNREACHABLE_CODE = YES;
				CLANG_WARN__DUPLICATE_METHOD_MATCH = YES;
				COPY_PHASE_STRIP = NO;
				DEBUG_INFORMATION_FORMAT = "dwarf-with-dsym";
				ENABLE_NS_ASSERTIONS = NO;
				ENABLE_STRICT_OBJC_MSGSEND = YES;
				GCC_C_LANGUAGE_STANDARD = gnu11;
				GCC_NO_COMMON_BLOCKS = YES;
				GCC_WARN_64_TO_32_BIT_CONVERSION = YES;
				GCC_WARN_ABOUT_RETURN_TYPE = YES_ERROR;
				GCC_WARN_UNDECLARED_SELECTOR = YES;
				GCC_WARN_UNINITIALIZED_AUTOS = YES_AGGRESSIVE;
				GCC_WARN_UNUSED_FUNCTION = YES;
				GCC_WARN_UNUSED_VARIABLE = YES;
				IPHONEOS_DEPLOYMENT_TARGET = 16.4;
				MTL_ENABLE_DEBUG_INFO = NO;
				MTL_FAST_MATH = YES;
				SDKROOT = iphoneos;
				SWIFT_COMPILATION_MODE = wholemodule;
				SWIFT_OPTIMIZATION_LEVEL = "-O";
				VALIDATE_PRODUCT = YES;
			};
			name = Release;
		};
		DE062BB02A9E2A57006A7B1B /* Debug */ = {
			isa = XCBuildConfiguration;
			buildSettings = {
				ASSETCATALOG_COMPILER_APPICON_NAME = AppIcon;
				ASSETCATALOG_COMPILER_GLOBAL_ACCENT_COLOR_NAME = AccentColor;
				CODE_SIGN_STYLE = Automatic;
				CURRENT_PROJECT_VERSION = 1;
				DEVELOPMENT_TEAM = R5RPU2QP33;
				GENERATE_INFOPLIST_FILE = YES;
				INFOPLIST_FILE = withScentSeries/Info.plist;
				INFOPLIST_KEY_UIApplicationSupportsIndirectInputEvents = YES;
				INFOPLIST_KEY_UILaunchStoryboardName = LaunchScreen;
				INFOPLIST_KEY_UISupportedInterfaceOrientations_iPad = "UIInterfaceOrientationPortrait UIInterfaceOrientationPortraitUpsideDown UIInterfaceOrientationLandscapeLeft UIInterfaceOrientationLandscapeRight";
				INFOPLIST_KEY_UISupportedInterfaceOrientations_iPhone = "UIInterfaceOrientationPortrait UIInterfaceOrientationLandscapeLeft UIInterfaceOrientationLandscapeRight";
				IPHONEOS_DEPLOYMENT_TARGET = 16.0;
				LD_RUNPATH_SEARCH_PATHS = (
					"$(inherited)",
					"@executable_path/Frameworks",
				);
				MARKETING_VERSION = 1.0;
				PRODUCT_BUNDLE_IDENTIFIER = unicus.fortis.withScentSeries;
				PRODUCT_NAME = "$(TARGET_NAME)";
				SUPPORTED_PLATFORMS = "iphoneos iphonesimulator";
				SUPPORTS_MACCATALYST = NO;
				SUPPORTS_MAC_DESIGNED_FOR_IPHONE_IPAD = NO;
				SWIFT_EMIT_LOC_STRINGS = YES;
				SWIFT_VERSION = 5.0;
				TARGETED_DEVICE_FAMILY = 1;
			};
			name = Debug;
		};
		DE062BB12A9E2A57006A7B1B /* Release */ = {
			isa = XCBuildConfiguration;
			buildSettings = {
				ASSETCATALOG_COMPILER_APPICON_NAME = AppIcon;
				ASSETCATALOG_COMPILER_GLOBAL_ACCENT_COLOR_NAME = AccentColor;
				CODE_SIGN_STYLE = Automatic;
				CURRENT_PROJECT_VERSION = 1;
				DEVELOPMENT_TEAM = R5RPU2QP33;
				GENERATE_INFOPLIST_FILE = YES;
				INFOPLIST_FILE = withScentSeries/Info.plist;
				INFOPLIST_KEY_UIApplicationSupportsIndirectInputEvents = YES;
				INFOPLIST_KEY_UILaunchStoryboardName = LaunchScreen;
				INFOPLIST_KEY_UISupportedInterfaceOrientations_iPad = "UIInterfaceOrientationPortrait UIInterfaceOrientationPortraitUpsideDown UIInterfaceOrientationLandscapeLeft UIInterfaceOrientationLandscapeRight";
				INFOPLIST_KEY_UISupportedInterfaceOrientations_iPhone = "UIInterfaceOrientationPortrait UIInterfaceOrientationLandscapeLeft UIInterfaceOrientationLandscapeRight";
				IPHONEOS_DEPLOYMENT_TARGET = 16.0;
				LD_RUNPATH_SEARCH_PATHS = (
					"$(inherited)",
					"@executable_path/Frameworks",
				);
				MARKETING_VERSION = 1.0;
				PRODUCT_BUNDLE_IDENTIFIER = unicus.fortis.withScentSeries;
				PRODUCT_NAME = "$(TARGET_NAME)";
				SUPPORTED_PLATFORMS = "iphoneos iphonesimulator";
				SUPPORTS_MACCATALYST = NO;
				SUPPORTS_MAC_DESIGNED_FOR_IPHONE_IPAD = NO;
				SWIFT_EMIT_LOC_STRINGS = YES;
				SWIFT_VERSION = 5.0;
				TARGETED_DEVICE_FAMILY = 1;
			};
			name = Release;
		};
/* End XCBuildConfiguration section */

/* Begin XCConfigurationList section */
		DE062B962A9E2A56006A7B1B /* Build configuration list for PBXProject "withScentSeries" */ = {
			isa = XCConfigurationList;
			buildConfigurations = (
				DE062BAD2A9E2A57006A7B1B /* Debug */,
				DE062BAE2A9E2A57006A7B1B /* Release */,
			);
			defaultConfigurationIsVisible = 0;
			defaultConfigurationName = Release;
		};
		DE062BAF2A9E2A57006A7B1B /* Build configuration list for PBXNativeTarget "withScentSeries" */ = {
			isa = XCConfigurationList;
			buildConfigurations = (
				DE062BB02A9E2A57006A7B1B /* Debug */,
				DE062BB12A9E2A57006A7B1B /* Release */,
			);
			defaultConfigurationIsVisible = 0;
			defaultConfigurationName = Release;
		};
/* End XCConfigurationList section */

/* Begin XCRemoteSwiftPackageReference section */
		DE062BBE2A9E305B006A7B1B /* XCRemoteSwiftPackageReference "SnapKit" */ = {
			isa = XCRemoteSwiftPackageReference;
			repositoryURL = "https://github.com/SnapKit/SnapKit";
			requirement = {
				kind = upToNextMajorVersion;
				minimumVersion = 5.0.0;
			};
		};
		DE6773902AA1096000F582EE /* XCRemoteSwiftPackageReference "Kingfisher" */ = {
			isa = XCRemoteSwiftPackageReference;
			repositoryURL = "https://github.com/onevcat/Kingfisher.git";
			requirement = {
				kind = upToNextMajorVersion;
				minimumVersion = 7.0.0;
			};
		};
/* End XCRemoteSwiftPackageReference section */

/* Begin XCSwiftPackageProductDependency section */
		DE062BBF2A9E305B006A7B1B /* SnapKit */ = {
			isa = XCSwiftPackageProductDependency;
			package = DE062BBE2A9E305B006A7B1B /* XCRemoteSwiftPackageReference "SnapKit" */;
			productName = SnapKit;
		};
		DE6773912AA1096000F582EE /* Kingfisher */ = {
			isa = XCSwiftPackageProductDependency;
			package = DE6773902AA1096000F582EE /* XCRemoteSwiftPackageReference "Kingfisher" */;
			productName = Kingfisher;
		};
/* End XCSwiftPackageProductDependency section */
	};
	rootObject = DE062B932A9E2A56006A7B1B /* Project object */;
}
